
Microsoft Visual Studio Solution File, Format Version 12.00
# Visual Studio Version 17
VisualStudioVersion = 17.6.33712.159
MinimumVisualStudioVersion = 10.0.40219.1
Project("{9A19103F-16F7-4668-BE54-9A1E7A4F7556}") = "ZKI", "ZKI_1_v2\ZKI.csproj", "{20E886D5-F449-46CC-9107-D1697D85CD35}"
EndProject
Global
	GlobalSection(SolutionConfigurationPlatforms) = preSolution
		Debug|Any CPU = Debug|Any CPU
		Release|Any CPU = Release|Any CPU
	EndGlobalSection
	GlobalSection(ProjectConfigurationPlatforms) = postSolution
		{20E886D5-F449-46CC-9107-D1697D85CD35}.Debug|Any CPU.ActiveCfg = Debug|Any CPU
		{20E886D5-F449-46CC-9107-D1697D85CD35}.Debug|Any CPU.Build.0 = Debug|Any CPU
		{20E886D5-F449-46CC-9107-D1697D85CD35}.Release|Any CPU.ActiveCfg = Release|Any CPU
		{20E886D5-F449-46CC-9107-D1697D85CD35}.Release|Any CPU.Build.0 = Release|Any CPU
	EndGlobalSection
	GlobalSection(SolutionProperties) = preSolution
		HideSolutionNode = FALSE
	EndGlobalSection
	GlobalSection(ExtensibilityGlobals) = postSolution
		SolutionGuid = {4859F99E-54C4-402D-95D3-C65DEE9619CA}
	EndGlobalSection
EndGlobal
